// !$*UTF8*$!
{
	archiveVersion = 1;
	classes = {
	};
	objectVersion = 46;
	objects = {

/* Begin PBXBuildFile section */
		97B79F0B199A45380050A067 /* Foundation.framework in Frameworks */ = {isa = PBXBuildFile; fileRef = 97B79F0A199A45380050A067 /* Foundation.framework */; };
		97B79F0D199A45380050A067 /* CoreGraphics.framework in Frameworks */ = {isa = PBXBuildFile; fileRef = 97B79F0C199A45380050A067 /* CoreGraphics.framework */; };
		97B79F0F199A45380050A067 /* UIKit.framework in Frameworks */ = {isa = PBXBuildFile; fileRef = 97B79F0E199A45380050A067 /* UIKit.framework */; };
		97B79F15199A45380050A067 /* InfoPlist.strings in Resources */ = {isa = PBXBuildFile; fileRef = 97B79F13199A45380050A067 /* InfoPlist.strings */; };
		97B79F17199A45380050A067 /* main.m in Sources */ = {isa = PBXBuildFile; fileRef = 97B79F16199A45380050A067 /* main.m */; };
		97B79F1B199A45380050A067 /* PTAppDelegate.m in Sources */ = {isa = PBXBuildFile; fileRef = 97B79F1A199A45380050A067 /* PTAppDelegate.m */; };
		97B79F1E199A45380050A067 /* Main.storyboard in Resources */ = {isa = PBXBuildFile; fileRef = 97B79F1C199A45380050A067 /* Main.storyboard */; };
		97B79F21199A45380050A067 /* PTViewController.m in Sources */ = {isa = PBXBuildFile; fileRef = 97B79F20199A45380050A067 /* PTViewController.m */; };
		97B79F23199A45380050A067 /* Images.xcassets in Resources */ = {isa = PBXBuildFile; fileRef = 97B79F22199A45380050A067 /* Images.xcassets */; };
		97B79F2A199A45380050A067 /* XCTest.framework in Frameworks */ = {isa = PBXBuildFile; fileRef = 97B79F29199A45380050A067 /* XCTest.framework */; };
		97B79F2B199A45380050A067 /* Foundation.framework in Frameworks */ = {isa = PBXBuildFile; fileRef = 97B79F0A199A45380050A067 /* Foundation.framework */; };
		97B79F2C199A45380050A067 /* UIKit.framework in Frameworks */ = {isa = PBXBuildFile; fileRef = 97B79F0E199A45380050A067 /* UIKit.framework */; };
		97B79F34199A45390050A067 /* InfoPlist.strings in Resources */ = {isa = PBXBuildFile; fileRef = 97B79F32199A45390050A067 /* InfoPlist.strings */; };
		97B79F36199A45390050A067 /* hemantTestTests.m in Sources */ = {isa = PBXBuildFile; fileRef = 97B79F35199A45390050A067 /* hemantTestTests.m */; };
/* End PBXBuildFile section */

/* Begin PBXContainerItemProxy section */
		97B79F2D199A45380050A067 /* PBXContainerItemProxy */ = {
			isa = PBXContainerItemProxy;
			containerPortal = 97B79EFF199A45380050A067 /* Project object */;
			proxyType = 1;
			remoteGlobalIDString = 97B79F06199A45380050A067;
			remoteInfo = hemantTest;
		};
/* End PBXContainerItemProxy section */

/* Begin PBXFileReference section */
		97B79F07199A45380050A067 /* hemantTest.app */ = {isa = PBXFileReference; explicitFileType = wrapper.application; includeInIndex = 0; path = hemantTest.app; sourceTree = BUILT_PRODUCTS_DIR; };
		97B79F0A199A45380050A067 /* Foundation.framework */ = {isa = PBXFileReference; lastKnownFileType = wrapper.framework; name = Foundation.framework; path = System/Library/Frameworks/Foundation.framework; sourceTree = SDKROOT; };
		97B79F0C199A45380050A067 /* CoreGraphics.framework */ = {isa = PBXFileReference; lastKnownFileType = wrapper.framework; name = CoreGraphics.framework; path = System/Library/Frameworks/CoreGraphics.framework; sourceTree = SDKROOT; };
		97B79F0E199A45380050A067 /* UIKit.framework */ = {isa = PBXFileReference; lastKnownFileType = wrapper.framework; name = UIKit.framework; path = System/Library/Frameworks/UIKit.framework; sourceTree = SDKROOT; };
		97B79F12199A45380050A067 /* hemantTest-Info.plist */ = {isa = PBXFileReference; lastKnownFileType = text.plist.xml; path = "hemantTest-Info.plist"; sourceTree = "<group>"; };
		97B79F14199A45380050A067 /* en */ = {isa = PBXFileReference; lastKnownFileType = text.plist.strings; name = en; path = en.lproj/InfoPlist.strings; sourceTree = "<group>"; };
		97B79F16199A45380050A067 /* main.m */ = {isa = PBXFileReference; lastKnownFileType = sourcecode.c.objc; path = main.m; sourceTree = "<group>"; };
		97B79F18199A45380050A067 /* hemantTest-Prefix.pch */ = {isa = PBXFileReference; lastKnownFileType = sourcecode.c.h; path = "hemantTest-Prefix.pch"; sourceTree = "<group>"; };
		97B79F19199A45380050A067 /* PTAppDelegate.h */ = {isa = PBXFileReference; lastKnownFileType = sourcecode.c.h; path = PTAppDelegate.h; sourceTree = "<group>"; };
		97B79F1A199A45380050A067 /* PTAppDelegate.m */ = {isa = PBXFileReference; lastKnownFileType = sourcecode.c.objc; path = PTAppDelegate.m; sourceTree = "<group>"; };
		97B79F1D199A45380050A067 /* Base */ = {isa = PBXFileReference; lastKnownFileType = file.storyboard; name = Base; path = Base.lproj/Main.storyboard; sourceTree = "<group>"; };
		97B79F1F199A45380050A067 /* PTViewController.h */ = {isa = PBXFileReference; lastKnownFileType = sourcecode.c.h; path = PTViewController.h; sourceTree = "<group>"; };
		97B79F20199A45380050A067 /* PTViewController.m */ = {isa = PBXFileReference; lastKnownFileType = sourcecode.c.objc; path = PTViewController.m; sourceTree = "<group>"; };
		97B79F22199A45380050A067 /* Images.xcassets */ = {isa = PBXFileReference; lastKnownFileType = folder.assetcatalog; path = Images.xcassets; sourceTree = "<group>"; };
		97B79F28199A45380050A067 /* hemantTestTests.xctest */ = {isa = PBXFileReference; explicitFileType = wrapper.cfbundle; includeInIndex = 0; path = hemantTestTests.xctest; sourceTree = BUILT_PRODUCTS_DIR; };
		97B79F29199A45380050A067 /* XCTest.framework */ = {isa = PBXFileReference; lastKnownFileType = wrapper.framework; name = XCTest.framework; path = Library/Frameworks/XCTest.framework; sourceTree = DEVELOPER_DIR; };
		97B79F31199A45390050A067 /* hemantTestTests-Info.plist */ = {isa = PBXFileReference; lastKnownFileType = text.plist.xml; path = "hemantTestTests-Info.plist"; sourceTree = "<group>"; };
		97B79F33199A45390050A067 /* en */ = {isa = PBXFileReference; lastKnownFileType = text.plist.strings; name = en; path = en.lproj/InfoPlist.strings; sourceTree = "<group>"; };
		97B79F35199A45390050A067 /* hemantTestTests.m */ = {isa = PBXFileReference; lastKnownFileType = sourcecode.c.objc; path = hemantTestTests.m; sourceTree = "<group>"; };
/* End PBXFileReference section */

/* Begin PBXFrameworksBuildPhase section */
		97B79F04199A45380050A067 /* Frameworks */ = {
			isa = PBXFrameworksBuildPhase;
			buildActionMask = 2147483647;
			files = (
				97B79F0D199A45380050A067 /* CoreGraphics.framework in Frameworks */,
				97B79F0F199A45380050A067 /* UIKit.framework in Frameworks */,
				97B79F0B199A45380050A067 /* Foundation.framework in Frameworks */,
			);
			runOnlyForDeploymentPostprocessing = 0;
		};
		97B79F25199A45380050A067 /* Frameworks */ = {
			isa = PBXFrameworksBuildPhase;
			buildActionMask = 2147483647;
			files = (
				97B79F2A199A45380050A067 /* XCTest.framework in Frameworks */,
				97B79F2C199A45380050A067 /* UIKit.framework in Frameworks */,
				97B79F2B199A45380050A067 /* Foundation.framework in Frameworks */,
			);
			runOnlyForDeploymentPostprocessing = 0;
		};
/* End PBXFrameworksBuildPhase section */

/* Begin PBXGroup section */
		97B79EFE199A45380050A067 = {
			isa = PBXGroup;
			children = (
				97B79F10199A45380050A067 /* hemantTest */,
				97B79F2F199A45380050A067 /* hemantTestTests */,
				97B79F09199A45380050A067 /* Frameworks */,
				97B79F08199A45380050A067 /* Products */,
			);
			sourceTree = "<group>";
		};
		97B79F08199A45380050A067 /* Products */ = {
			isa = PBXGroup;
			children = (
				97B79F07199A45380050A067 /* hemantTest.app */,
				97B79F28199A45380050A067 /* hemantTestTests.xctest */,
			);
			name = Products;
			sourceTree = "<group>";
		};
		97B79F09199A45380050A067 /* Frameworks */ = {
			isa = PBXGroup;
			children = (
				97B79F0A199A45380050A067 /* Foundation.framework */,
				97B79F0C199A45380050A067 /* CoreGraphics.framework */,
				97B79F0E199A45380050A067 /* UIKit.framework */,
				97B79F29199A45380050A067 /* XCTest.framework */,
			);
			name = Frameworks;
			sourceTree = "<group>";
		};
		97B79F10199A45380050A067 /* hemantTest */ = {
			isa = PBXGroup;
			children = (
				97B79F19199A45380050A067 /* PTAppDelegate.h */,
				97B79F1A199A45380050A067 /* PTAppDelegate.m */,
				97B79F1C199A45380050A067 /* Main.storyboard */,
				97B79F1F199A45380050A067 /* PTViewController.h */,
				97B79F20199A45380050A067 /* PTViewController.m */,
				97B79F22199A45380050A067 /* Images.xcassets */,
				97B79F11199A45380050A067 /* Supporting Files */,
			);
			path = hemantTest;
			sourceTree = "<group>";
		};
		97B79F11199A45380050A067 /* Supporting Files */ = {
			isa = PBXGroup;
			children = (
				97B79F12199A45380050A067 /* hemantTest-Info.plist */,
				97B79F13199A45380050A067 /* InfoPlist.strings */,
				97B79F16199A45380050A067 /* main.m */,
				97B79F18199A45380050A067 /* hemantTest-Prefix.pch */,
			);
			name = "Supporting Files";
			sourceTree = "<group>";
		};
		97B79F2F199A45380050A067 /* hemantTestTests */ = {
			isa = PBXGroup;
			children = (
				97B79F35199A45390050A067 /* hemantTestTests.m */,
				97B79F30199A45390050A067 /* Supporting Files */,
			);
			path = hemantTestTests;
			sourceTree = "<group>";
		};
		97B79F30199A45390050A067 /* Supporting Files */ = {
			isa = PBXGroup;
			children = (
				97B79F31199A45390050A067 /* hemantTestTests-Info.plist */,
				97B79F32199A45390050A067 /* InfoPlist.strings */,
			);
			name = "Supporting Files";
			sourceTree = "<group>";
		};
/* End PBXGroup section */

/* Begin PBXNativeTarget section */
		97B79F06199A45380050A067 /* hemantTest */ = {
			isa = PBXNativeTarget;
			buildConfigurationList = 97B79F39199A45390050A067 /* Build configuration list for PBXNativeTarget "hemantTest" */;
			buildPhases = (
				97B79F03199A45380050A067 /* Sources */,
				97B79F04199A45380050A067 /* Frameworks */,
				97B79F05199A45380050A067 /* Resources */,
			);
			buildRules = (
			);
			dependencies = (
			);
			name = hemantTest;
			productName = hemantTest;
			productReference = 97B79F07199A45380050A067 /* hemantTest.app */;
			productType = "com.apple.product-type.application";
		};
		97B79F27199A45380050A067 /* hemantTestTests */ = {
			isa = PBXNativeTarget;
			buildConfigurationList = 97B79F3C199A45390050A067 /* Build configuration list for PBXNativeTarget "hemantTestTests" */;
			buildPhases = (
				97B79F24199A45380050A067 /* Sources */,
				97B79F25199A45380050A067 /* Frameworks */,
				97B79F26199A45380050A067 /* Resources */,
			);
			buildRules = (
			);
			dependencies = (
				97B79F2E199A45380050A067 /* PBXTargetDependency */,
			);
			name = hemantTestTests;
			productName = hemantTestTests;
			productReference = 97B79F28199A45380050A067 /* hemantTestTests.xctest */;
			productType = "com.apple.product-type.bundle.unit-test";
		};
/* End PBXNativeTarget section */

/* Begin PBXProject section */
		97B79EFF199A45380050A067 /* Project object */ = {
			isa = PBXProject;
			attributes = {
				CLASSPREFIX = PT;
				LastUpgradeCheck = 0510;
				ORGANIZATIONNAME = "Puneet Rao";
				TargetAttributes = {
					97B79F27199A45380050A067 = {
						TestTargetID = 97B79F06199A45380050A067;
					};
				};
			};
			buildConfigurationList = 97B79F02199A45380050A067 /* Build configuration list for PBXProject "hemantTest" */;
			compatibilityVersion = "Xcode 3.2";
			developmentRegion = English;
			hasScannedForEncodings = 0;
			knownRegions = (
				en,
				Base,
			);
			mainGroup = 97B79EFE199A45380050A067;
			productRefGroup = 97B79F08199A45380050A067 /* Products */;
			projectDirPath = "";
			projectRoot = "";
			targets = (
				97B79F06199A45380050A067 /* hemantTest */,
				97B79F27199A45380050A067 /* hemantTestTests */,
			);
		};
/* End PBXProject section */

/* Begin PBXResourcesBuildPhase section */
		97B79F05199A45380050A067 /* Resources */ = {
			isa = PBXResourcesBuildPhase;
			buildActionMask = 2147483647;
			files = (
				97B79F23199A45380050A067 /* Images.xcassets in Resources */,
				97B79F15199A45380050A067 /* InfoPlist.strings in Resources */,
				97B79F1E199A45380050A067 /* Main.storyboard in Resources */,
			);
			runOnlyForDeploymentPostprocessing = 0;
		};
		97B79F26199A45380050A067 /* Resources */ = {
			isa = PBXResourcesBuildPhase;
			buildActionMask = 2147483647;
			files = (
				97B79F34199A45390050A067 /* InfoPlist.strings in Resources */,
			);
			runOnlyForDeploymentPostprocessing = 0;
		};
/* End PBXResourcesBuildPhase section */

/* Begin PBXSourcesBuildPhase section */
		97B79F03199A45380050A067 /* Sources */ = {
			isa = PBXSourcesBuildPhase;
			buildActionMask = 2147483647;
			files = (
				97B79F1B199A45380050A067 /* PTAppDelegate.m in Sources */,
				97B79F21199A45380050A067 /* PTViewController.m in Sources */,
				97B79F17199A45380050A067 /* main.m in Sources */,
			);
			runOnlyForDeploymentPostprocessing = 0;
		};
		97B79F24199A45380050A067 /* Sources */ = {
			isa = PBXSourcesBuildPhase;
			buildActionMask = 2147483647;
			files = (
				97B79F36199A45390050A067 /* hemantTestTests.m in Sources */,
			);
			runOnlyForDeploymentPostprocessing = 0;
		};
/* End PBXSourcesBuildPhase section */

/* Begin PBXTargetDependency section */
		97B79F2E199A45380050A067 /* PBXTargetDependency */ = {
			isa = PBXTargetDependency;
			target = 97B79F06199A45380050A067 /* hemantTest */;
			targetProxy = 97B79F2D199A45380050A067 /* PBXContainerItemProxy */;
		};
/* End PBXTargetDependency section */

/* Begin PBXVariantGroup section */
		97B79F13199A45380050A067 /* InfoPlist.strings */ = {
			isa = PBXVariantGroup;
			children = (
				97B79F14199A45380050A067 /* en */,
			);
			name = InfoPlist.strings;
			sourceTree = "<group>";
		};
		97B79F1C199A45380050A067 /* Main.storyboard */ = {
			isa = PBXVariantGroup;
			children = (
				97B79F1D199A45380050A067 /* Base */,
			);
			name = Main.storyboard;
			sourceTree = "<group>";
		};
		97B79F32199A45390050A067 /* InfoPlist.strings */ = {
			isa = PBXVariantGroup;
			children = (
				97B79F33199A45390050A067 /* en */,
			);
			name = InfoPlist.strings;
			sourceTree = "<group>";
		};
/* End PBXVariantGroup section */

/* Begin XCBuildConfiguration section */
		97B79F37199A45390050A067 /* Debug */ = {
			isa = XCBuildConfiguration;
			buildSettings = {
				ALWAYS_SEARCH_USER_PATHS = NO;
				CLANG_CXX_LANGUAGE_STANDARD = "gnu++0x";
				CLANG_CXX_LIBRARY = "libc++";
				CLANG_ENABLE_MODULES = YES;
				CLANG_ENABLE_OBJC_ARC = YES;
				CLANG_WARN_BOOL_CONVERSION = YES;
				CLANG_WARN_CONSTANT_CONVERSION = YES;
				CLANG_WARN_DIRECT_OBJC_ISA_USAGE = YES_ERROR;
				CLANG_WARN_EMPTY_BODY = YES;
				CLANG_WARN_ENUM_CONVERSION = YES;
				CLANG_WARN_INT_CONVERSION = YES;
				CLANG_WARN_OBJC_ROOT_CLASS = YES_ERROR;
				CLANG_WARN__DUPLICATE_METHOD_MATCH = YES;
				"CODE_SIGN_IDENTITY[sdk=iphoneos*]" = "iPhone Developer";
				COPY_PHASE_STRIP = NO;
				GCC_C_LANGUAGE_STANDARD = gnu99;
				GCC_DYNAMIC_NO_PIC = NO;
				GCC_OPTIMIZATION_LEVEL = 0;
				GCC_PREPROCESSOR_DEFINITIONS = (
					"DEBUG=1",
					"$(inherited)",
				);
				GCC_SYMBOLS_PRIVATE_EXTERN = NO;
				GCC_WARN_64_TO_32_BIT_CONVERSION = YES;
				GCC_WARN_ABOUT_RETURN_TYPE = YES_ERROR;
				GCC_WARN_UNDECLARED_SELECTOR = YES;
				GCC_WARN_UNINITIALIZED_AUTOS = YES_AGGRESSIVE;
				GCC_WARN_UNUSED_FUNCTION = YES;
				GCC_WARN_UNUSED_VARIABLE = YES;
				IPHONEOS_DEPLOYMENT_TARGET = 7.1;
				ONLY_ACTIVE_ARCH = YES;
				SDKROOT = iphoneos;
			};
			name = Debug;
		};
		97B79F38199A45390050A067 /* Release */ = {
			isa = XCBuildConfiguration;
			buildSettings = {
				ALWAYS_SEARCH_USER_PATHS = NO;
				CLANG_CXX_LANGUAGE_STANDARD = "gnu++0x";
				CLANG_CXX_LIBRARY = "libc++";
				CLANG_ENABLE_MODULES = YES;
				CLANG_ENABLE_OBJC_ARC = YES;
				CLANG_WARN_BOOL_CONVERSION = YES;
				CLANG_WARN_CONSTANT_CONVERSION = YES;
				CLANG_WARN_DIRECT_OBJC_ISA_USAGE = YES_ERROR;
				CLANG_WARN_EMPTY_BODY = YES;
				CLANG_WARN_ENUM_CONVERSION = YES;
				CLANG_WARN_INT_CONVERSION = YES;
				CLANG_WARN_OBJC_ROOT_CLASS = YES_ERROR;
				CLANG_WARN__DUPLICATE_METHOD_MATCH = YES;
				"CODE_SIGN_IDENTITY[sdk=iphoneos*]" = "iPhone Developer";
				COPY_PHASE_STRIP = YES;
				ENABLE_NS_ASSERTIONS = NO;
				GCC_C_LANGUAGE_STANDARD = gnu99;
				GCC_WARN_64_TO_32_BIT_CONVERSION = YES;
				GCC_WARN_ABOUT_RETURN_TYPE = YES_ERROR;
				GCC_WARN_UNDECLARED_SELECTOR = YES;
				GCC_WARN_UNINITIALIZED_AUTOS = YES_AGGRESSIVE;
				GCC_WARN_UNUSED_FUNCTION = YES;
				GCC_WARN_UNUSED_VARIABLE = YES;
				IPHONEOS_DEPLOYMENT_TARGET = 7.1;
				SDKROOT = iphoneos;
				VALIDATE_PRODUCT = YES;
			};
			name = Release;
		};
		97B79F3A199A45390050A067 /* Debug */ = {
			isa = XCBuildConfiguration;
			buildSettings = {
				ASSETCATALOG_COMPILER_APPICON_NAME = AppIcon;
				ASSETCATALOG_COMPILER_LAUNCHIMAGE_NAME = LaunchImage;
				GCC_PRECOMPILE_PREFIX_HEADER = YES;
				GCC_PREFIX_HEADER = "hemantTest/hemantTest-Prefix.pch";
				INFOPLIST_FILE = "hemantTest/hemantTest-Info.plist";
				PRODUCT_NAME = "$(TARGET_NAME)";
				WRAPPER_EXTENSION = app;
			};
			name = Debug;
		};
		97B79F3B199A45390050A067 /* Release */ = {
			isa = XCBuildConfiguration;
			buildSettings = {
				ASSETCATALOG_COMPILER_APPICON_NAME = AppIcon;
				ASSETCATALOG_COMPILER_LAUNCHIMAGE_NAME = LaunchImage;
				GCC_PRECOMPILE_PREFIX_HEADER = YES;
				GCC_PREFIX_HEADER = "hemantTest/hemantTest-Prefix.pch";
				INFOPLIST_FILE = "hemantTest/hemantTest-Info.plist";
				PRODUCT_NAME = "$(TARGET_NAME)";
				WRAPPER_EXTENSION = app;
			};
			name = Release;
		};
		97B79F3D199A45390050A067 /* Debug */ = {
			isa = XCBuildConfiguration;
			buildSettings = {
				BUNDLE_LOADER = "$(BUILT_PRODUCTS_DIR)/hemantTest.app/hemantTest";
				FRAMEWORK_SEARCH_PATHS = (
					"$(SDKROOT)/Developer/Library/Frameworks",
					"$(inherited)",
					"$(DEVELOPER_FRAMEWORKS_DIR)",
				);
				GCC_PRECOMPILE_PREFIX_HEADER = YES;
				GCC_PREFIX_HEADER = "hemantTest/hemantTest-Prefix.pch";
				GCC_PREPROCESSOR_DEFINITIONS = (
					"DEBUG=1",
					"$(inherited)",
				);
				INFOPLIST_FILE = "hemantTestTests/hemantTestTests-Info.plist";
				PRODUCT_NAME = "$(TARGET_NAME)";
				TEST_HOST = "$(BUNDLE_LOADER)";
				WRAPPER_EXTENSION = xctest;
			};
			name = Debug;
		};
		97B79F3E199A45390050A067 /* Release */ = {
			isa = XCBuildConfiguration;
			buildSettings = {
				BUNDLE_LOADER = "$(BUILT_PRODUCTS_DIR)/hemantTest.app/hemantTest";
				FRAMEWORK_SEARCH_PATHS = (
					"$(SDKROOT)/Developer/Library/Frameworks",
					"$(inherited)",
					"$(DEVELOPER_FRAMEWORKS_DIR)",
				);
				GCC_PRECOMPILE_PREFIX_HEADER = YES;
				GCC_PREFIX_HEADER = "hemantTest/hemantTest-Prefix.pch";
				INFOPLIST_FILE = "hemantTestTests/hemantTestTests-Info.plist";
				PRODUCT_NAME = "$(TARGET_NAME)";
				TEST_HOST = "$(BUNDLE_LOADER)";
				WRAPPER_EXTENSION = xctest;
			};
			name = Release;
		};
/* End XCBuildConfiguration section */

/* Begin XCConfigurationList section */
		97B79F02199A45380050A067 /* Build configuration list for PBXProject "hemantTest" */ = {
			isa = XCConfigurationList;
			buildConfigurations = (
				97B79F37199A45390050A067 /* Debug */,
				97B79F38199A45390050A067 /* Release */,
			);
			defaultConfigurationIsVisible = 0;
			defaultConfigurationName = Release;
		};
		97B79F39199A45390050A067 /* Build configuration list for PBXNativeTarget "hemantTest" */ = {
			isa = XCConfigurationList;
			buildConfigurations = (
				97B79F3A199A45390050A067 /* Debug */,
				97B79F3B199A45390050A067 /* Release */,
			);
			defaultConfigurationIsVisible = 0;
		};
		97B79F3C199A45390050A067 /* Build configuration list for PBXNativeTarget "hemantTestTests" */ = {
			isa = XCConfigurationList;
			buildConfigurations = (
				97B79F3D199A45390050A067 /* Debug */,
				97B79F3E199A45390050A067 /* Release */,
			);
			defaultConfigurationIsVisible = 0;
		};
/* End XCConfigurationList section */
	};
	rootObject = 97B79EFF199A45380050A067 /* Project object */;
}
